
Microsoft Visual Studio Solution File, Format Version 12.00
# Visual Studio Version 16
VisualStudioVersion = 16.0.29609.76
MinimumVisualStudioVersion = 10.0.40219.1
Project("{FAE04EC0-301F-11D3-BF4B-00C04F79EFBC}") = "Module2_Console", "Module2_Console\Module2_Console.csproj", "{A761F99D-FD10-4D8D-B545-1B61F5024442}"
EndProject
Project("{FAE04EC0-301F-11D3-BF4B-00C04F79EFBC}") = "Module2_DLL", "Module2_DLL\Module2_DLL.csproj", "{F08DE98A-CD0F-4FE1-8B7B-948888CB41C2}"
EndProject
Global
	GlobalSection(SolutionConfigurationPlatforms) = preSolution
		Debug|Any CPU = Debug|Any CPU
		Release|Any CPU = Release|Any CPU
	EndGlobalSection
	GlobalSection(ProjectConfigurationPlatforms) = postSolution
		{A761F99D-FD10-4D8D-B545-1B61F5024442}.Debug|Any CPU.ActiveCfg = Debug|Any CPU
		{A761F99D-FD10-4D8D-B545-1B61F5024442}.Debug|Any CPU.Build.0 = Debug|Any CPU
		{A761F99D-FD10-4D8D-B545-1B61F5024442}.Release|Any CPU.ActiveCfg = Release|Any CPU
		{A761F99D-FD10-4D8D-B545-1B61F5024442}.Release|Any CPU.Build.0 = Release|Any CPU
		{F08DE98A-CD0F-4FE1-8B7B-948888CB41C2}.Debug|Any CPU.ActiveCfg = Debug|Any CPU
		{F08DE98A-CD0F-4FE1-8B7B-948888CB41C2}.Debug|Any CPU.Build.0 = Debug|Any CPU
		{F08DE98A-CD0F-4FE1-8B7B-948888CB41C2}.Release|Any CPU.ActiveCfg = Release|Any CPU
		{F08DE98A-CD0F-4FE1-8B7B-948888CB41C2}.Release|Any CPU.Build.0 = Release|Any CPU
	EndGlobalSection
	GlobalSection(SolutionProperties) = preSolution
		HideSolutionNode = FALSE
	EndGlobalSection
	GlobalSection(ExtensibilityGlobals) = postSolution
		SolutionGuid = {6FCF0673-A898-4E07-B5F7-6A53FCF64BEF}
	EndGlobalSection
EndGlobal
